// !$*UTF8*$!
{
	archiveVersion = 1;
	classes = {
	};
	objectVersion = 55;
	objects = {

/* Begin PBXBuildFile section */
		7C1BC0E82743A1E60022F4EB /* OutbondView.swift in Sources */ = {isa = PBXBuildFile; fileRef = 7C1BC0E02743A1E60022F4EB /* OutbondView.swift */; };
		7C1BC0E92743A1E60022F4EB /* OutbondListView.swift in Sources */ = {isa = PBXBuildFile; fileRef = 7C1BC0E12743A1E60022F4EB /* OutbondListView.swift */; };
		7C1BC0EA2743A1E60022F4EB /* InboundConfirmationView.swift in Sources */ = {isa = PBXBuildFile; fileRef = 7C1BC0E22743A1E60022F4EB /* InboundConfirmationView.swift */; };
		7C1BC0EB2743A1E60022F4EB /* DaftarPOView.swift in Sources */ = {isa = PBXBuildFile; fileRef = 7C1BC0E32743A1E60022F4EB /* DaftarPOView.swift */; };
		7C1BC0EC2743A1E60022F4EB /* StockListContentView.swift in Sources */ = {isa = PBXBuildFile; fileRef = 7C1BC0E42743A1E60022F4EB /* StockListContentView.swift */; };
		7C1BC0ED2743A1E60022F4EB /* POdetailView.swift in Sources */ = {isa = PBXBuildFile; fileRef = 7C1BC0E52743A1E60022F4EB /* POdetailView.swift */; };
		7C1BC0EE2743A1E60022F4EB /* StockListView.swift in Sources */ = {isa = PBXBuildFile; fileRef = 7C1BC0E62743A1E60022F4EB /* StockListView.swift */; };
		7C1BC0EF2743A1E60022F4EB /* OutbondConfirmationView.swift in Sources */ = {isa = PBXBuildFile; fileRef = 7C1BC0E72743A1E60022F4EB /* OutbondConfirmationView.swift */; };
		7C1BC0F62743A20D0022F4EB /* DashboardView.swift in Sources */ = {isa = PBXBuildFile; fileRef = 7C1BC0F12743A20D0022F4EB /* DashboardView.swift */; };
		7C1BC0F72743A20D0022F4EB /* SummaryView.swift in Sources */ = {isa = PBXBuildFile; fileRef = 7C1BC0F22743A20D0022F4EB /* SummaryView.swift */; };
		7C1BC0F82743A20D0022F4EB /* UpdateView.swift in Sources */ = {isa = PBXBuildFile; fileRef = 7C1BC0F32743A20D0022F4EB /* UpdateView.swift */; };
		7C1BC0FA2743A20D0022F4EB /* HistoryView.swift in Sources */ = {isa = PBXBuildFile; fileRef = 7C1BC0F52743A20D0022F4EB /* HistoryView.swift */; };
		7C1BC0FE2743A2340022F4EB /* LoginView.swift in Sources */ = {isa = PBXBuildFile; fileRef = 7C1BC0FC2743A2340022F4EB /* LoginView.swift */; };
		7C1BC0FF2743A2340022F4EB /* RegisterView.swift in Sources */ = {isa = PBXBuildFile; fileRef = 7C1BC0FD2743A2340022F4EB /* RegisterView.swift */; };
		7C1BC10527465F470022F4EB /* CheckBoxViewHolder.swift in Sources */ = {isa = PBXBuildFile; fileRef = 7C1BC10427465F470022F4EB /* CheckBoxViewHolder.swift */; };
		7C2286A7273C484900808B72 /* Tutor.swift in Sources */ = {isa = PBXBuildFile; fileRef = 7C2286A6273C484900808B72 /* Tutor.swift */; };
		7C2286A9273C49DF00808B72 /* TutorDetail.swift in Sources */ = {isa = PBXBuildFile; fileRef = 7C2286A8273C49DF00808B72 /* TutorDetail.swift */; };
		7C2677E727314E2B00285B1A /* AddDetailView.swift in Sources */ = {isa = PBXBuildFile; fileRef = 7C2677E627314E2B00285B1A /* AddDetailView.swift */; };
		7C2677E927314E5800285B1A /* ShowModalView.swift in Sources */ = {isa = PBXBuildFile; fileRef = 7C2677E827314E5800285B1A /* ShowModalView.swift */; };
		7C2677F12731A84A00285B1A /* MaxTextField.swift in Sources */ = {isa = PBXBuildFile; fileRef = 7C2677F02731A84A00285B1A /* MaxTextField.swift */; };
		7CB61379273281A00039C14D /* Coordinator.swift in Sources */ = {isa = PBXBuildFile; fileRef = 7CB613782732819F0039C14D /* Coordinator.swift */; };
		7CB6137F273292F20039C14D /* Camera-SwiftUI in Frameworks */ = {isa = PBXBuildFile; productRef = 7CB6137E273292F20039C14D /* Camera-SwiftUI */; };
		7CDA13292732E789005A2D05 /* SUImagePickerView.swift in Sources */ = {isa = PBXBuildFile; fileRef = 7CDA13282732E789005A2D05 /* SUImagePickerView.swift */; };
		7CE2BDF4274B96FE00054E0E /* loadingVIew.swift in Sources */ = {isa = PBXBuildFile; fileRef = 7CE2BDF3274B96FE00054E0E /* loadingVIew.swift */; };
		7CE356EC274CF939006EE579 /* PurchaseOrderView.swift in Sources */ = {isa = PBXBuildFile; fileRef = 7CE356EB274CF939006EE579 /* PurchaseOrderView.swift */; };
		7CEA5FE4273D0B5300FC322F /* TestGroundApp.swift in Sources */ = {isa = PBXBuildFile; fileRef = 7CEA5FE2273D0B5300FC322F /* TestGroundApp.swift */; };
		7CEA5FE5273D0B5300FC322F /* ContentView.swift in Sources */ = {isa = PBXBuildFile; fileRef = 7CEA5FE3273D0B5300FC322F /* ContentView.swift */; };
		B745DE5127439EFD006A5AF4 /* PO1View.swift in Sources */ = {isa = PBXBuildFile; fileRef = B745DE5027439EFD006A5AF4 /* PO1View.swift */; };
		B828FCF1272179170015F0BF /* Assets.xcassets in Resources */ = {isa = PBXBuildFile; fileRef = B828FCF0272179170015F0BF /* Assets.xcassets */; };
		B828FCF4272179170015F0BF /* Preview Assets.xcassets in Resources */ = {isa = PBXBuildFile; fileRef = B828FCF3272179170015F0BF /* Preview Assets.xcassets */; };
		C206F2AF274E164900A32986 /* OrderService.swift in Sources */ = {isa = PBXBuildFile; fileRef = C206F2AE274E164900A32986 /* OrderService.swift */; };
		C206F2B1274E307F00A32986 /* OrderViewModel.swift in Sources */ = {isa = PBXBuildFile; fileRef = C206F2B0274E307F00A32986 /* OrderViewModel.swift */; };
		C206F2B3274F7AFE00A32986 /* CompanyStaffViewModel.swift in Sources */ = {isa = PBXBuildFile; fileRef = C206F2B2274F7AFE00A32986 /* CompanyStaffViewModel.swift */; };
		C206F2B9274F7C6600A32986 /* Inbound.swift in Sources */ = {isa = PBXBuildFile; fileRef = C206F2B8274F7C6600A32986 /* Inbound.swift */; };
		C206F2BB274F7C6F00A32986 /* Outbound.swift in Sources */ = {isa = PBXBuildFile; fileRef = C206F2BA274F7C6F00A32986 /* Outbound.swift */; };
		C24123BA273E16B600A33C22 /* GetProduct.swift in Sources */ = {isa = PBXBuildFile; fileRef = C24123B9273E16B600A33C22 /* GetProduct.swift */; };
		C24123BC273E16D200A33C22 /* GetProductViewModel.swift in Sources */ = {isa = PBXBuildFile; fileRef = C24123BB273E16D200A33C22 /* GetProductViewModel.swift */; };
		C24123C0273E17C000A33C22 /* StockView.swift in Sources */ = {isa = PBXBuildFile; fileRef = C24123BF273E17C000A33C22 /* StockView.swift */; };
		C2445A51272BDF9900C19C05 /* Register.swift in Sources */ = {isa = PBXBuildFile; fileRef = C2445A50272BDF9900C19C05 /* Register.swift */; };
		C2445A57272BE41F00C19C05 /* Product.swift in Sources */ = {isa = PBXBuildFile; fileRef = C2445A56272BE41F00C19C05 /* Product.swift */; };
		C2445A5B272BEFBB00C19C05 /* Color.swift in Sources */ = {isa = PBXBuildFile; fileRef = C2445A5A272BEFBB00C19C05 /* Color.swift */; };
		C279B4C8273146FF00A4B8AF /* APILogin.swift in Sources */ = {isa = PBXBuildFile; fileRef = C279B4C7273146FF00A4B8AF /* APILogin.swift */; };
		C279B4CA2731475400A4B8AF /* APIRegister.swift in Sources */ = {isa = PBXBuildFile; fileRef = C279B4C92731475400A4B8AF /* APIRegister.swift */; };
		C27E6B1327473D240090D424 /* RegisterViewModel.swift in Sources */ = {isa = PBXBuildFile; fileRef = C27E6B1227473D240090D424 /* RegisterViewModel.swift */; };
		C27E6B1527473D700090D424 /* InboundBerhasilView.swift in Sources */ = {isa = PBXBuildFile; fileRef = C27E6B1427473D700090D424 /* InboundBerhasilView.swift */; };
		C27E6B75274CDB360090D424 /* Order.swift in Sources */ = {isa = PBXBuildFile; fileRef = C27E6B74274CDB360090D424 /* Order.swift */; };
		C27E6B79274D16010090D424 /* Owner.swift in Sources */ = {isa = PBXBuildFile; fileRef = C27E6B78274D16010090D424 /* Owner.swift */; };
		C27E6B7B274D160C0090D424 /* Staff.swift in Sources */ = {isa = PBXBuildFile; fileRef = C27E6B7A274D160C0090D424 /* Staff.swift */; };
		C2C3C14227421854007236DC /* APIPassword.swift in Sources */ = {isa = PBXBuildFile; fileRef = C2C3C14127421854007236DC /* APIPassword.swift */; };
		C2C3C14427421863007236DC /* ForgetPassowordViewModel.swift in Sources */ = {isa = PBXBuildFile; fileRef = C2C3C14327421863007236DC /* ForgetPassowordViewModel.swift */; };
		C2C3C14A27421EA3007236DC /* PICViewModel.swift in Sources */ = {isa = PBXBuildFile; fileRef = C2C3C14927421EA3007236DC /* PICViewModel.swift */; };
		C2DA06D92746523500141E30 /* Server.swift in Sources */ = {isa = PBXBuildFile; fileRef = C2DA06D82746523500141E30 /* Server.swift */; };
		C2E50D41273BA8E000FC6A57 /* APIProduct.swift in Sources */ = {isa = PBXBuildFile; fileRef = C2E50D40273BA8E000FC6A57 /* APIProduct.swift */; };
/* End PBXBuildFile section */

/* Begin PBXFileReference section */
		7C1BC0E02743A1E60022F4EB /* OutbondView.swift */ = {isa = PBXFileReference; fileEncoding = 4; lastKnownFileType = sourcecode.swift; path = OutbondView.swift; sourceTree = "<group>"; };
		7C1BC0E12743A1E60022F4EB /* OutbondListView.swift */ = {isa = PBXFileReference; fileEncoding = 4; lastKnownFileType = sourcecode.swift; path = OutbondListView.swift; sourceTree = "<group>"; };
		7C1BC0E22743A1E60022F4EB /* InboundConfirmationView.swift */ = {isa = PBXFileReference; fileEncoding = 4; lastKnownFileType = sourcecode.swift; path = InboundConfirmationView.swift; sourceTree = "<group>"; };
		7C1BC0E32743A1E60022F4EB /* DaftarPOView.swift */ = {isa = PBXFileReference; fileEncoding = 4; lastKnownFileType = sourcecode.swift; path = DaftarPOView.swift; sourceTree = "<group>"; };
		7C1BC0E42743A1E60022F4EB /* StockListContentView.swift */ = {isa = PBXFileReference; fileEncoding = 4; lastKnownFileType = sourcecode.swift; path = StockListContentView.swift; sourceTree = "<group>"; };
		7C1BC0E52743A1E60022F4EB /* POdetailView.swift */ = {isa = PBXFileReference; fileEncoding = 4; lastKnownFileType = sourcecode.swift; path = POdetailView.swift; sourceTree = "<group>"; };
		7C1BC0E62743A1E60022F4EB /* StockListView.swift */ = {isa = PBXFileReference; fileEncoding = 4; lastKnownFileType = sourcecode.swift; path = StockListView.swift; sourceTree = "<group>"; };
		7C1BC0E72743A1E60022F4EB /* OutbondConfirmationView.swift */ = {isa = PBXFileReference; fileEncoding = 4; lastKnownFileType = sourcecode.swift; path = OutbondConfirmationView.swift; sourceTree = "<group>"; };
		7C1BC0F12743A20D0022F4EB /* DashboardView.swift */ = {isa = PBXFileReference; fileEncoding = 4; lastKnownFileType = sourcecode.swift; path = DashboardView.swift; sourceTree = "<group>"; };
		7C1BC0F22743A20D0022F4EB /* SummaryView.swift */ = {isa = PBXFileReference; fileEncoding = 4; lastKnownFileType = sourcecode.swift; path = SummaryView.swift; sourceTree = "<group>"; };
		7C1BC0F32743A20D0022F4EB /* UpdateView.swift */ = {isa = PBXFileReference; fileEncoding = 4; lastKnownFileType = sourcecode.swift; path = UpdateView.swift; sourceTree = "<group>"; };
		7C1BC0F52743A20D0022F4EB /* HistoryView.swift */ = {isa = PBXFileReference; fileEncoding = 4; lastKnownFileType = sourcecode.swift; path = HistoryView.swift; sourceTree = "<group>"; };
		7C1BC0FC2743A2340022F4EB /* LoginView.swift */ = {isa = PBXFileReference; fileEncoding = 4; lastKnownFileType = sourcecode.swift; path = LoginView.swift; sourceTree = "<group>"; };
		7C1BC0FD2743A2340022F4EB /* RegisterView.swift */ = {isa = PBXFileReference; fileEncoding = 4; lastKnownFileType = sourcecode.swift; path = RegisterView.swift; sourceTree = "<group>"; };
		7C1BC10427465F470022F4EB /* CheckBoxViewHolder.swift */ = {isa = PBXFileReference; lastKnownFileType = sourcecode.swift; path = CheckBoxViewHolder.swift; sourceTree = "<group>"; };
		7C2286A6273C484900808B72 /* Tutor.swift */ = {isa = PBXFileReference; fileEncoding = 4; lastKnownFileType = sourcecode.swift; path = Tutor.swift; sourceTree = "<group>"; };
		7C2286A8273C49DF00808B72 /* TutorDetail.swift */ = {isa = PBXFileReference; fileEncoding = 4; lastKnownFileType = sourcecode.swift; path = TutorDetail.swift; sourceTree = "<group>"; };
		7C2677E627314E2B00285B1A /* AddDetailView.swift */ = {isa = PBXFileReference; fileEncoding = 4; lastKnownFileType = sourcecode.swift; path = AddDetailView.swift; sourceTree = "<group>"; };
		7C2677E827314E5800285B1A /* ShowModalView.swift */ = {isa = PBXFileReference; fileEncoding = 4; lastKnownFileType = sourcecode.swift; path = ShowModalView.swift; sourceTree = "<group>"; };
		7C2677F02731A84A00285B1A /* MaxTextField.swift */ = {isa = PBXFileReference; lastKnownFileType = sourcecode.swift; path = MaxTextField.swift; sourceTree = "<group>"; };
		7CB613782732819F0039C14D /* Coordinator.swift */ = {isa = PBXFileReference; lastKnownFileType = sourcecode.swift; path = Coordinator.swift; sourceTree = "<group>"; };
		7CDA13282732E789005A2D05 /* SUImagePickerView.swift */ = {isa = PBXFileReference; fileEncoding = 4; lastKnownFileType = sourcecode.swift; path = SUImagePickerView.swift; sourceTree = "<group>"; };
		7CE2BDF3274B96FE00054E0E /* loadingVIew.swift */ = {isa = PBXFileReference; lastKnownFileType = sourcecode.swift; path = loadingVIew.swift; sourceTree = "<group>"; };
		7CE356EB274CF939006EE579 /* PurchaseOrderView.swift */ = {isa = PBXFileReference; fileEncoding = 4; lastKnownFileType = sourcecode.swift; path = PurchaseOrderView.swift; sourceTree = "<group>"; };
		7CEA5FE2273D0B5300FC322F /* TestGroundApp.swift */ = {isa = PBXFileReference; fileEncoding = 4; lastKnownFileType = sourcecode.swift; name = TestGroundApp.swift; path = Mavible/TestGroundApp.swift; sourceTree = SOURCE_ROOT; };
		7CEA5FE3273D0B5300FC322F /* ContentView.swift */ = {isa = PBXFileReference; fileEncoding = 4; lastKnownFileType = sourcecode.swift; name = ContentView.swift; path = Mavible/ContentView.swift; sourceTree = SOURCE_ROOT; };
		B745DE5027439EFD006A5AF4 /* PO1View.swift */ = {isa = PBXFileReference; lastKnownFileType = sourcecode.swift; path = PO1View.swift; sourceTree = "<group>"; };
		B828FCE9272179150015F0BF /* Mavible.app */ = {isa = PBXFileReference; explicitFileType = wrapper.application; includeInIndex = 0; path = Mavible.app; sourceTree = BUILT_PRODUCTS_DIR; };
		B828FCF0272179170015F0BF /* Assets.xcassets */ = {isa = PBXFileReference; lastKnownFileType = folder.assetcatalog; path = Assets.xcassets; sourceTree = "<group>"; };
		B828FCF3272179170015F0BF /* Preview Assets.xcassets */ = {isa = PBXFileReference; lastKnownFileType = folder.assetcatalog; path = "Preview Assets.xcassets"; sourceTree = "<group>"; };
		C206F2AE274E164900A32986 /* OrderService.swift */ = {isa = PBXFileReference; lastKnownFileType = sourcecode.swift; path = OrderService.swift; sourceTree = "<group>"; };
		C206F2B0274E307F00A32986 /* OrderViewModel.swift */ = {isa = PBXFileReference; lastKnownFileType = sourcecode.swift; path = OrderViewModel.swift; sourceTree = "<group>"; };
		C206F2B2274F7AFE00A32986 /* CompanyStaffViewModel.swift */ = {isa = PBXFileReference; lastKnownFileType = sourcecode.swift; path = CompanyStaffViewModel.swift; sourceTree = "<group>"; };
		C206F2B8274F7C6600A32986 /* Inbound.swift */ = {isa = PBXFileReference; lastKnownFileType = sourcecode.swift; path = Inbound.swift; sourceTree = "<group>"; };
		C206F2BA274F7C6F00A32986 /* Outbound.swift */ = {isa = PBXFileReference; lastKnownFileType = sourcecode.swift; path = Outbound.swift; sourceTree = "<group>"; };
		C24123B9273E16B600A33C22 /* GetProduct.swift */ = {isa = PBXFileReference; lastKnownFileType = sourcecode.swift; path = GetProduct.swift; sourceTree = "<group>"; };
		C24123BB273E16D200A33C22 /* GetProductViewModel.swift */ = {isa = PBXFileReference; lastKnownFileType = sourcecode.swift; path = GetProductViewModel.swift; sourceTree = "<group>"; };
		C24123BF273E17C000A33C22 /* StockView.swift */ = {isa = PBXFileReference; lastKnownFileType = sourcecode.swift; path = StockView.swift; sourceTree = "<group>"; };
		C2445A50272BDF9900C19C05 /* Register.swift */ = {isa = PBXFileReference; lastKnownFileType = sourcecode.swift; path = Register.swift; sourceTree = "<group>"; };
		C2445A56272BE41F00C19C05 /* Product.swift */ = {isa = PBXFileReference; lastKnownFileType = sourcecode.swift; path = Product.swift; sourceTree = "<group>"; };
		C2445A5A272BEFBB00C19C05 /* Color.swift */ = {isa = PBXFileReference; lastKnownFileType = sourcecode.swift; path = Color.swift; sourceTree = "<group>"; };
		C279B4C7273146FF00A4B8AF /* APILogin.swift */ = {isa = PBXFileReference; lastKnownFileType = sourcecode.swift; path = APILogin.swift; sourceTree = "<group>"; };
		C279B4C92731475400A4B8AF /* APIRegister.swift */ = {isa = PBXFileReference; lastKnownFileType = sourcecode.swift; path = APIRegister.swift; sourceTree = "<group>"; };
		C27E6B1227473D240090D424 /* RegisterViewModel.swift */ = {isa = PBXFileReference; lastKnownFileType = sourcecode.swift; path = RegisterViewModel.swift; sourceTree = "<group>"; };
		C27E6B1427473D700090D424 /* InboundBerhasilView.swift */ = {isa = PBXFileReference; lastKnownFileType = sourcecode.swift; path = InboundBerhasilView.swift; sourceTree = "<group>"; };
		C27E6B74274CDB360090D424 /* Order.swift */ = {isa = PBXFileReference; lastKnownFileType = sourcecode.swift; path = Order.swift; sourceTree = "<group>"; };
		C27E6B78274D16010090D424 /* Owner.swift */ = {isa = PBXFileReference; lastKnownFileType = sourcecode.swift; path = Owner.swift; sourceTree = "<group>"; };
		C27E6B7A274D160C0090D424 /* Staff.swift */ = {isa = PBXFileReference; lastKnownFileType = sourcecode.swift; path = Staff.swift; sourceTree = "<group>"; };
		C2C3C14127421854007236DC /* APIPassword.swift */ = {isa = PBXFileReference; lastKnownFileType = sourcecode.swift; path = APIPassword.swift; sourceTree = "<group>"; };
		C2C3C14327421863007236DC /* ForgetPassowordViewModel.swift */ = {isa = PBXFileReference; lastKnownFileType = sourcecode.swift; path = ForgetPassowordViewModel.swift; sourceTree = "<group>"; };
		C2C3C14927421EA3007236DC /* PICViewModel.swift */ = {isa = PBXFileReference; lastKnownFileType = sourcecode.swift; path = PICViewModel.swift; sourceTree = "<group>"; };
		C2DA06D82746523500141E30 /* Server.swift */ = {isa = PBXFileReference; lastKnownFileType = sourcecode.swift; path = Server.swift; sourceTree = "<group>"; };
		C2E50D40273BA8E000FC6A57 /* APIProduct.swift */ = {isa = PBXFileReference; lastKnownFileType = sourcecode.swift; path = APIProduct.swift; sourceTree = "<group>"; };
/* End PBXFileReference section */

/* Begin PBXFrameworksBuildPhase section */
		B828FCE6272179150015F0BF /* Frameworks */ = {
			isa = PBXFrameworksBuildPhase;
			buildActionMask = 2147483647;
			files = (
				7CB6137F273292F20039C14D /* Camera-SwiftUI in Frameworks */,
			);
			runOnlyForDeploymentPostprocessing = 0;
		};
/* End PBXFrameworksBuildPhase section */

/* Begin PBXGroup section */
		7C1BC0DF2743A1E60022F4EB /* Inbound */ = {
			isa = PBXGroup;
			children = (
				7C1BC0E22743A1E60022F4EB /* InboundConfirmationView.swift */,
				C27E6B1427473D700090D424 /* InboundBerhasilView.swift */,
			);
			path = Inbound;
			sourceTree = "<group>";
		};
		7C1BC0F02743A20D0022F4EB /* Dashboard */ = {
			isa = PBXGroup;
			children = (
				7C1BC0F12743A20D0022F4EB /* DashboardView.swift */,
				7C1BC0F22743A20D0022F4EB /* SummaryView.swift */,
				7C1BC0F32743A20D0022F4EB /* UpdateView.swift */,
				7C1BC0F52743A20D0022F4EB /* HistoryView.swift */,
			);
			path = Dashboard;
			sourceTree = "<group>";
		};
		7C1BC0FB2743A2340022F4EB /* Authentication */ = {
			isa = PBXGroup;
			children = (
				7C1BC0FC2743A2340022F4EB /* LoginView.swift */,
				7C1BC0FD2743A2340022F4EB /* RegisterView.swift */,
				7CE2BDF3274B96FE00054E0E /* loadingVIew.swift */,
			);
			path = Authentication;
			sourceTree = "<group>";
		};
		7C2677F92731B69800285B1A /* View Model */ = {
			isa = PBXGroup;
			children = (
				7C2677F02731A84A00285B1A /* MaxTextField.swift */,
				7C2677E827314E5800285B1A /* ShowModalView.swift */,
				C24123BB273E16D200A33C22 /* GetProductViewModel.swift */,
				C2C3C14327421863007236DC /* ForgetPassowordViewModel.swift */,
				C2C3C14927421EA3007236DC /* PICViewModel.swift */,
				7C1BC10427465F470022F4EB /* CheckBoxViewHolder.swift */,
				C27E6B1227473D240090D424 /* RegisterViewModel.swift */,
				C206F2B0274E307F00A32986 /* OrderViewModel.swift */,
				C206F2B2274F7AFE00A32986 /* CompanyStaffViewModel.swift */,
			);
			path = "View Model";
			sourceTree = "<group>";
		};
		B828FCE0272179150015F0BF = {
			isa = PBXGroup;
			children = (
				B828FCEB272179150015F0BF /* Mavible */,
				B828FCEA272179150015F0BF /* Products */,
			);
			sourceTree = "<group>";
		};
		B828FCEA272179150015F0BF /* Products */ = {
			isa = PBXGroup;
			children = (
				B828FCE9272179150015F0BF /* Mavible.app */,
			);
			name = Products;
			sourceTree = "<group>";
		};
		B828FCEB272179150015F0BF /* Mavible */ = {
			isa = PBXGroup;
			children = (
				C2445A59272BEFA600C19C05 /* Additional */,
				C279B4C4273145D000A4B8AF /* APIService */,
				7C2677F92731B69800285B1A /* View Model */,
				C2445A55272BE2C900C19C05 /* View */,
				C2445A4F272BDDC000C19C05 /* Model */,
				7CEA5FE3273D0B5300FC322F /* ContentView.swift */,
				7CEA5FE2273D0B5300FC322F /* TestGroundApp.swift */,
				B828FCF0272179170015F0BF /* Assets.xcassets */,
				B828FCF2272179170015F0BF /* Preview Content */,
			);
			path = Mavible;
			sourceTree = "<group>";
		};
		B828FCF2272179170015F0BF /* Preview Content */ = {
			isa = PBXGroup;
			children = (
				B828FCF3272179170015F0BF /* Preview Assets.xcassets */,
			);
			path = "Preview Content";
			sourceTree = "<group>";
		};
		C206F2B4274F7BCC00A32986 /* CompanyAndStaff */ = {
			isa = PBXGroup;
			children = (
				C27E6B78274D16010090D424 /* Owner.swift */,
				C27E6B7A274D160C0090D424 /* Staff.swift */,
				C2445A50272BDF9900C19C05 /* Register.swift */,
			);
			path = CompanyAndStaff;
			sourceTree = "<group>";
		};
		C206F2B5274F7C0100A32986 /* Product */ = {
			isa = PBXGroup;
			children = (
				C24123B9273E16B600A33C22 /* GetProduct.swift */,
				C2445A56272BE41F00C19C05 /* Product.swift */,
			);
			path = Product;
			sourceTree = "<group>";
		};
		C206F2B6274F7C1000A32986 /* PurchaseOrder */ = {
			isa = PBXGroup;
			children = (
				C27E6B74274CDB360090D424 /* Order.swift */,
			);
			path = PurchaseOrder;
			sourceTree = "<group>";
		};
		C206F2B7274F7C2700A32986 /* InboundOutbound */ = {
			isa = PBXGroup;
			children = (
				C206F2B8274F7C6600A32986 /* Inbound.swift */,
				C206F2BA274F7C6F00A32986 /* Outbound.swift */,
			);
			path = InboundOutbound;
			sourceTree = "<group>";
		};
		C2445A4F272BDDC000C19C05 /* Model */ = {
			isa = PBXGroup;
			children = (
				C206F2B7274F7C2700A32986 /* InboundOutbound */,
				C206F2B6274F7C1000A32986 /* PurchaseOrder */,
				C206F2B5274F7C0100A32986 /* Product */,
				C206F2B4274F7BCC00A32986 /* CompanyAndStaff */,
				7C2286A6273C484900808B72 /* Tutor.swift */,
			);
			path = Model;
			sourceTree = "<group>";
		};
		C2445A55272BE2C900C19C05 /* View */ = {
			isa = PBXGroup;
			children = (
				C2BD5B452744FFD900604985 /* Outbond */,
				7C1BC0FB2743A2340022F4EB /* Authentication */,
				7C1BC0F02743A20D0022F4EB /* Dashboard */,
				7C1BC0DF2743A1E60022F4EB /* Inbound */,
				C2C3C13C27421676007236DC /* PurchaseOrder */,
				C2C3C13B27421540007236DC /* Stock */,
				7C2286A8273C49DF00808B72 /* TutorDetail.swift */,
			);
			path = View;
			sourceTree = "<group>";
		};
		C2445A59272BEFA600C19C05 /* Additional */ = {
			isa = PBXGroup;
			children = (
				C2445A5A272BEFBB00C19C05 /* Color.swift */,
				7CB613782732819F0039C14D /* Coordinator.swift */,
				7CDA13282732E789005A2D05 /* SUImagePickerView.swift */,
			);
			path = Additional;
			sourceTree = "<group>";
		};
		C279B4C4273145D000A4B8AF /* APIService */ = {
			isa = PBXGroup;
			children = (
				C279B4C92731475400A4B8AF /* APIRegister.swift */,
				C279B4C7273146FF00A4B8AF /* APILogin.swift */,
				C2E50D40273BA8E000FC6A57 /* APIProduct.swift */,
				C2C3C14127421854007236DC /* APIPassword.swift */,
				C2DA06D82746523500141E30 /* Server.swift */,
				C206F2AE274E164900A32986 /* OrderService.swift */,
			);
			path = APIService;
			sourceTree = "<group>";
		};
		C2BD5B452744FFD900604985 /* Outbond */ = {
			isa = PBXGroup;
			children = (
				7C1BC0E02743A1E60022F4EB /* OutbondView.swift */,
				7C1BC0E12743A1E60022F4EB /* OutbondListView.swift */,
				7C1BC0E72743A1E60022F4EB /* OutbondConfirmationView.swift */,
			);
			path = Outbond;
			sourceTree = "<group>";
		};
		C2C3C13B27421540007236DC /* Stock */ = {
			isa = PBXGroup;
			children = (
				7C1BC0E42743A1E60022F4EB /* StockListContentView.swift */,
				7C1BC0E62743A1E60022F4EB /* StockListView.swift */,
				7C2677E627314E2B00285B1A /* AddDetailView.swift */,
				C24123BF273E17C000A33C22 /* StockView.swift */,
			);
			path = Stock;
			sourceTree = "<group>";
		};
		C2C3C13C27421676007236DC /* PurchaseOrder */ = {
			isa = PBXGroup;
			children = (
				7CE356EB274CF939006EE579 /* PurchaseOrderView.swift */,
				7C1BC0E52743A1E60022F4EB /* POdetailView.swift */,
				7C1BC0E32743A1E60022F4EB /* DaftarPOView.swift */,
				B745DE5027439EFD006A5AF4 /* PO1View.swift */,
			);
			path = PurchaseOrder;
			sourceTree = "<group>";
		};
/* End PBXGroup section */

/* Begin PBXNativeTarget section */
		B828FCE8272179150015F0BF /* Mavible */ = {
			isa = PBXNativeTarget;
			buildConfigurationList = B828FCF7272179170015F0BF /* Build configuration list for PBXNativeTarget "Mavible" */;
			buildPhases = (
				B828FCE5272179150015F0BF /* Sources */,
				B828FCE6272179150015F0BF /* Frameworks */,
				B828FCE7272179150015F0BF /* Resources */,
			);
			buildRules = (
			);
			dependencies = (
			);
			name = Mavible;
			packageProductDependencies = (
				7CB6137E273292F20039C14D /* Camera-SwiftUI */,
			);
			productName = TestGround;
			productReference = B828FCE9272179150015F0BF /* Mavible.app */;
			productType = "com.apple.product-type.application";
		};
/* End PBXNativeTarget section */

/* Begin PBXProject section */
		B828FCE1272179150015F0BF /* Project object */ = {
			isa = PBXProject;
			attributes = {
				BuildIndependentTargetsInParallel = 1;
				LastSwiftUpdateCheck = 1300;
				LastUpgradeCheck = 1300;
				TargetAttributes = {
					B828FCE8272179150015F0BF = {
						CreatedOnToolsVersion = 13.0;
					};
				};
			};
			buildConfigurationList = B828FCE4272179150015F0BF /* Build configuration list for PBXProject "Mavible" */;
			compatibilityVersion = "Xcode 13.0";
			developmentRegion = en;
			hasScannedForEncodings = 0;
			knownRegions = (
				en,
				Base,
			);
			mainGroup = B828FCE0272179150015F0BF;
			packageReferences = (
				7CB6137D273292F20039C14D /* XCRemoteSwiftPackageReference "Camera-SwiftUI" */,
			);
			productRefGroup = B828FCEA272179150015F0BF /* Products */;
			projectDirPath = "";
			projectRoot = "";
			targets = (
				B828FCE8272179150015F0BF /* Mavible */,
			);
		};
/* End PBXProject section */

/* Begin PBXResourcesBuildPhase section */
		B828FCE7272179150015F0BF /* Resources */ = {
			isa = PBXResourcesBuildPhase;
			buildActionMask = 2147483647;
			files = (
				B828FCF4272179170015F0BF /* Preview Assets.xcassets in Resources */,
				B828FCF1272179170015F0BF /* Assets.xcassets in Resources */,
			);
			runOnlyForDeploymentPostprocessing = 0;
		};
/* End PBXResourcesBuildPhase section */

/* Begin PBXSourcesBuildPhase section */
		B828FCE5272179150015F0BF /* Sources */ = {
			isa = PBXSourcesBuildPhase;
			buildActionMask = 2147483647;
			files = (
				7C1BC0ED2743A1E60022F4EB /* POdetailView.swift in Sources */,
				7C1BC0F62743A20D0022F4EB /* DashboardView.swift in Sources */,
				7C1BC0FF2743A2340022F4EB /* RegisterView.swift in Sources */,
				C2E50D41273BA8E000FC6A57 /* APIProduct.swift in Sources */,
				7C1BC0EB2743A1E60022F4EB /* DaftarPOView.swift in Sources */,
				7C1BC0EC2743A1E60022F4EB /* StockListContentView.swift in Sources */,
				7C2286A7273C484900808B72 /* Tutor.swift in Sources */,
				7C1BC0EA2743A1E60022F4EB /* InboundConfirmationView.swift in Sources */,
				C206F2B3274F7AFE00A32986 /* CompanyStaffViewModel.swift in Sources */,
				7C1BC0F72743A20D0022F4EB /* SummaryView.swift in Sources */,
				7C1BC0FE2743A2340022F4EB /* LoginView.swift in Sources */,
				7CB61379273281A00039C14D /* Coordinator.swift in Sources */,
				C24123C0273E17C000A33C22 /* StockView.swift in Sources */,
				C24123BC273E16D200A33C22 /* GetProductViewModel.swift in Sources */,
				C27E6B79274D16010090D424 /* Owner.swift in Sources */,
				7C1BC0FA2743A20D0022F4EB /* HistoryView.swift in Sources */,
				7C2677E727314E2B00285B1A /* AddDetailView.swift in Sources */,
				7C1BC0E92743A1E60022F4EB /* OutbondListView.swift in Sources */,
				C2C3C14A27421EA3007236DC /* PICViewModel.swift in Sources */,
				7CDA13292732E789005A2D05 /* SUImagePickerView.swift in Sources */,
				C2C3C14427421863007236DC /* ForgetPassowordViewModel.swift in Sources */,
				C2445A51272BDF9900C19C05 /* Register.swift in Sources */,
				7CE356EC274CF939006EE579 /* PurchaseOrderView.swift in Sources */,
				7C2677E927314E5800285B1A /* ShowModalView.swift in Sources */,
				7C1BC0EF2743A1E60022F4EB /* OutbondConfirmationView.swift in Sources */,
				C27E6B7B274D160C0090D424 /* Staff.swift in Sources */,
				C2445A5B272BEFBB00C19C05 /* Color.swift in Sources */,
				C279B4CA2731475400A4B8AF /* APIRegister.swift in Sources */,
				7C2677F12731A84A00285B1A /* MaxTextField.swift in Sources */,
				C279B4C8273146FF00A4B8AF /* APILogin.swift in Sources */,
				C24123BA273E16B600A33C22 /* GetProduct.swift in Sources */,
				7C2286A9273C49DF00808B72 /* TutorDetail.swift in Sources */,
				C2445A57272BE41F00C19C05 /* Product.swift in Sources */,
				C2C3C14227421854007236DC /* APIPassword.swift in Sources */,
				7CE2BDF4274B96FE00054E0E /* loadingVIew.swift in Sources */,
				7C1BC10527465F470022F4EB /* CheckBoxViewHolder.swift in Sources */,
				C206F2B1274E307F00A32986 /* OrderViewModel.swift in Sources */,
				7C1BC0E82743A1E60022F4EB /* OutbondView.swift in Sources */,
				C27E6B1527473D700090D424 /* InboundBerhasilView.swift in Sources */,
				C206F2BB274F7C6F00A32986 /* Outbound.swift in Sources */,
				7CEA5FE5273D0B5300FC322F /* ContentView.swift in Sources */,
				7CEA5FE4273D0B5300FC322F /* TestGroundApp.swift in Sources */,
				C27E6B1327473D240090D424 /* RegisterViewModel.swift in Sources */,
				C27E6B75274CDB360090D424 /* Order.swift in Sources */,
				7C1BC0F82743A20D0022F4EB /* UpdateView.swift in Sources */,
				C206F2AF274E164900A32986 /* OrderService.swift in Sources */,
				7C1BC0EE2743A1E60022F4EB /* StockListView.swift in Sources */,
				C206F2B9274F7C6600A32986 /* Inbound.swift in Sources */,
				C2DA06D92746523500141E30 /* Server.swift in Sources */,
				B745DE5127439EFD006A5AF4 /* PO1View.swift in Sources */,
			);
			runOnlyForDeploymentPostprocessing = 0;
		};
/* End PBXSourcesBuildPhase section */

/* Begin XCBuildConfiguration section */
		B828FCF5272179170015F0BF /* Debug */ = {
			isa = XCBuildConfiguration;
			buildSettings = {
				ALWAYS_SEARCH_USER_PATHS = NO;
				CLANG_ANALYZER_NONNULL = YES;
				CLANG_ANALYZER_NUMBER_OBJECT_CONVERSION = YES_AGGRESSIVE;
				CLANG_CXX_LANGUAGE_STANDARD = "gnu++17";
				CLANG_CXX_LIBRARY = "libc++";
				CLANG_ENABLE_MODULES = YES;
				CLANG_ENABLE_OBJC_ARC = YES;
				CLANG_ENABLE_OBJC_WEAK = YES;
				CLANG_WARN_BLOCK_CAPTURE_AUTORELEASING = YES;
				CLANG_WARN_BOOL_CONVERSION = YES;
				CLANG_WARN_COMMA = YES;
				CLANG_WARN_CONSTANT_CONVERSION = YES;
				CLANG_WARN_DEPRECATED_OBJC_IMPLEMENTATIONS = YES;
				CLANG_WARN_DIRECT_OBJC_ISA_USAGE = YES_ERROR;
				CLANG_WARN_DOCUMENTATION_COMMENTS = YES;
				CLANG_WARN_EMPTY_BODY = YES;
				CLANG_WARN_ENUM_CONVERSION = YES;
				CLANG_WARN_INFINITE_RECURSION = YES;
				CLANG_WARN_INT_CONVERSION = YES;
				CLANG_WARN_NON_LITERAL_NULL_CONVERSION = YES;
				CLANG_WARN_OBJC_IMPLICIT_RETAIN_SELF = YES;
				CLANG_WARN_OBJC_LITERAL_CONVERSION = YES;
				CLANG_WARN_OBJC_ROOT_CLASS = YES_ERROR;
				CLANG_WARN_QUOTED_INCLUDE_IN_FRAMEWORK_HEADER = YES;
				CLANG_WARN_RANGE_LOOP_ANALYSIS = YES;
				CLANG_WARN_STRICT_PROTOTYPES = YES;
				CLANG_WARN_SUSPICIOUS_MOVE = YES;
				CLANG_WARN_UNGUARDED_AVAILABILITY = YES_AGGRESSIVE;
				CLANG_WARN_UNREACHABLE_CODE = YES;
				CLANG_WARN__DUPLICATE_METHOD_MATCH = YES;
				COPY_PHASE_STRIP = NO;
				DEBUG_INFORMATION_FORMAT = dwarf;
				ENABLE_STRICT_OBJC_MSGSEND = YES;
				ENABLE_TESTABILITY = YES;
				GCC_C_LANGUAGE_STANDARD = gnu11;
				GCC_DYNAMIC_NO_PIC = NO;
				GCC_NO_COMMON_BLOCKS = YES;
				GCC_OPTIMIZATION_LEVEL = 0;
				GCC_PREPROCESSOR_DEFINITIONS = (
					"DEBUG=1",
					"$(inherited)",
				);
				GCC_WARN_64_TO_32_BIT_CONVERSION = YES;
				GCC_WARN_ABOUT_RETURN_TYPE = YES_ERROR;
				GCC_WARN_UNDECLARED_SELECTOR = YES;
				GCC_WARN_UNINITIALIZED_AUTOS = YES_AGGRESSIVE;
				GCC_WARN_UNUSED_FUNCTION = YES;
				GCC_WARN_UNUSED_VARIABLE = YES;
				IPHONEOS_DEPLOYMENT_TARGET = 15.0;
				MTL_ENABLE_DEBUG_INFO = INCLUDE_SOURCE;
				MTL_FAST_MATH = YES;
				ONLY_ACTIVE_ARCH = YES;
				SDKROOT = iphoneos;
				SWIFT_ACTIVE_COMPILATION_CONDITIONS = DEBUG;
				SWIFT_OPTIMIZATION_LEVEL = "-Onone";
			};
			name = Debug;
		};
		B828FCF6272179170015F0BF /* Release */ = {
			isa = XCBuildConfiguration;
			buildSettings = {
				ALWAYS_SEARCH_USER_PATHS = NO;
				CLANG_ANALYZER_NONNULL = YES;
				CLANG_ANALYZER_NUMBER_OBJECT_CONVERSION = YES_AGGRESSIVE;
				CLANG_CXX_LANGUAGE_STANDARD = "gnu++17";
				CLANG_CXX_LIBRARY = "libc++";
				CLANG_ENABLE_MODULES = YES;
				CLANG_ENABLE_OBJC_ARC = YES;
				CLANG_ENABLE_OBJC_WEAK = YES;
				CLANG_WARN_BLOCK_CAPTURE_AUTORELEASING = YES;
				CLANG_WARN_BOOL_CONVERSION = YES;
				CLANG_WARN_COMMA = YES;
				CLANG_WARN_CONSTANT_CONVERSION = YES;
				CLANG_WARN_DEPRECATED_OBJC_IMPLEMENTATIONS = YES;
				CLANG_WARN_DIRECT_OBJC_ISA_USAGE = YES_ERROR;
				CLANG_WARN_DOCUMENTATION_COMMENTS = YES;
				CLANG_WARN_EMPTY_BODY = YES;
				CLANG_WARN_ENUM_CONVERSION = YES;
				CLANG_WARN_INFINITE_RECURSION = YES;
				CLANG_WARN_INT_CONVERSION = YES;
				CLANG_WARN_NON_LITERAL_NULL_CONVERSION = YES;
				CLANG_WARN_OBJC_IMPLICIT_RETAIN_SELF = YES;
				CLANG_WARN_OBJC_LITERAL_CONVERSION = YES;
				CLANG_WARN_OBJC_ROOT_CLASS = YES_ERROR;
				CLANG_WARN_QUOTED_INCLUDE_IN_FRAMEWORK_HEADER = YES;
				CLANG_WARN_RANGE_LOOP_ANALYSIS = YES;
				CLANG_WARN_STRICT_PROTOTYPES = YES;
				CLANG_WARN_SUSPICIOUS_MOVE = YES;
				CLANG_WARN_UNGUARDED_AVAILABILITY = YES_AGGRESSIVE;
				CLANG_WARN_UNREACHABLE_CODE = YES;
				CLANG_WARN__DUPLICATE_METHOD_MATCH = YES;
				COPY_PHASE_STRIP = NO;
				DEBUG_INFORMATION_FORMAT = "dwarf-with-dsym";
				ENABLE_NS_ASSERTIONS = NO;
				ENABLE_STRICT_OBJC_MSGSEND = YES;
				GCC_C_LANGUAGE_STANDARD = gnu11;
				GCC_NO_COMMON_BLOCKS = YES;
				GCC_WARN_64_TO_32_BIT_CONVERSION = YES;
				GCC_WARN_ABOUT_RETURN_TYPE = YES_ERROR;
				GCC_WARN_UNDECLARED_SELECTOR = YES;
				GCC_WARN_UNINITIALIZED_AUTOS = YES_AGGRESSIVE;
				GCC_WARN_UNUSED_FUNCTION = YES;
				GCC_WARN_UNUSED_VARIABLE = YES;
				IPHONEOS_DEPLOYMENT_TARGET = 15.0;
				MTL_ENABLE_DEBUG_INFO = NO;
				MTL_FAST_MATH = YES;
				SDKROOT = iphoneos;
				SWIFT_COMPILATION_MODE = wholemodule;
				SWIFT_OPTIMIZATION_LEVEL = "-O";
				VALIDATE_PRODUCT = YES;
			};
			name = Release;
		};
		B828FCF8272179170015F0BF /* Debug */ = {
			isa = XCBuildConfiguration;
			buildSettings = {
				ASSETCATALOG_COMPILER_APPICON_NAME = AppIcon;
				ASSETCATALOG_COMPILER_GLOBAL_ACCENT_COLOR_NAME = AccentColor;
				CODE_SIGN_STYLE = Automatic;
				CURRENT_PROJECT_VERSION = 1;
				DEPLOYMENT_LOCATION = NO;
				DEVELOPMENT_ASSET_PATHS = "\"Mavible/Preview Content\"";
				DEVELOPMENT_TEAM = WLF43H5K2J;
				ENABLE_PREVIEWS = YES;
				GENERATE_INFOPLIST_FILE = YES;
				INFOPLIST_FILE = "";
				INFOPLIST_KEY_NSCameraUsageDescription = "We need access to photo library so that photos can be selected";
				INFOPLIST_KEY_NSPhotoLibraryAddUsageDescription = "We need access to photo library so that photos can be selected";
				INFOPLIST_KEY_NSPhotoLibraryUsageDescription = "This app requires access to the photo library";
				INFOPLIST_KEY_UIApplicationSceneManifest_Generation = YES;
				INFOPLIST_KEY_UIApplicationSupportsIndirectInputEvents = YES;
				INFOPLIST_KEY_UILaunchScreen_Generation = YES;
				INFOPLIST_KEY_UISupportedInterfaceOrientations_iPad = "UIInterfaceOrientationPortrait UIInterfaceOrientationPortraitUpsideDown UIInterfaceOrientationLandscapeLeft UIInterfaceOrientationLandscapeRight";
				INFOPLIST_KEY_UISupportedInterfaceOrientations_iPhone = "UIInterfaceOrientationPortrait UIInterfaceOrientationLandscapeLeft UIInterfaceOrientationLandscapeRight";
				IPHONEOS_DEPLOYMENT_TARGET = 15.0;
				LD_RUNPATH_SEARCH_PATHS = (
					"$(inherited)",
					"@executable_path/Frameworks",
				);
				MARKETING_VERSION = 1.0;
				PRODUCT_BUNDLE_IDENTIFIER = co.Mavible;
				PRODUCT_NAME = Mavible;
				SWIFT_EMIT_LOC_STRINGS = YES;
				SWIFT_VERSION = 5.0;
				TARGETED_DEVICE_FAMILY = "1,2";
			};
			name = Debug;
		};
		B828FCF9272179170015F0BF /* Release */ = {
			isa = XCBuildConfiguration;
			buildSettings = {
				ASSETCATALOG_COMPILER_APPICON_NAME = AppIcon;
				ASSETCATALOG_COMPILER_GLOBAL_ACCENT_COLOR_NAME = AccentColor;
				CODE_SIGN_STYLE = Automatic;
				CURRENT_PROJECT_VERSION = 1;
				DEPLOYMENT_LOCATION = NO;
				DEVELOPMENT_ASSET_PATHS = "\"Mavible/Preview Content\"";
				DEVELOPMENT_TEAM = WLF43H5K2J;
				ENABLE_PREVIEWS = YES;
				GENERATE_INFOPLIST_FILE = YES;
				INFOPLIST_FILE = "";
				INFOPLIST_KEY_NSCameraUsageDescription = "We need access to photo library so that photos can be selected";
				INFOPLIST_KEY_NSPhotoLibraryAddUsageDescription = "We need access to photo library so that photos can be selected";
				INFOPLIST_KEY_NSPhotoLibraryUsageDescription = "This app requires access to the photo library";
				INFOPLIST_KEY_UIApplicationSceneManifest_Generation = YES;
				INFOPLIST_KEY_UIApplicationSupportsIndirectInputEvents = YES;
				INFOPLIST_KEY_UILaunchScreen_Generation = YES;
				INFOPLIST_KEY_UISupportedInterfaceOrientations_iPad = "UIInterfaceOrientationPortrait UIInterfaceOrientationPortraitUpsideDown UIInterfaceOrientationLandscapeLeft UIInterfaceOrientationLandscapeRight";
				INFOPLIST_KEY_UISupportedInterfaceOrientations_iPhone = "UIInterfaceOrientationPortrait UIInterfaceOrientationLandscapeLeft UIInterfaceOrientationLandscapeRight";
				IPHONEOS_DEPLOYMENT_TARGET = 15.0;
				LD_RUNPATH_SEARCH_PATHS = (
					"$(inherited)",
					"@executable_path/Frameworks",
				);
				MARKETING_VERSION = 1.0;
				PRODUCT_BUNDLE_IDENTIFIER = co.Mavible;
				PRODUCT_NAME = Mavible;
				SWIFT_EMIT_LOC_STRINGS = YES;
				SWIFT_VERSION = 5.0;
				TARGETED_DEVICE_FAMILY = "1,2";
			};
			name = Release;
		};
/* End XCBuildConfiguration section */

/* Begin XCConfigurationList section */
		B828FCE4272179150015F0BF /* Build configuration list for PBXProject "Mavible" */ = {
			isa = XCConfigurationList;
			buildConfigurations = (
				B828FCF5272179170015F0BF /* Debug */,
				B828FCF6272179170015F0BF /* Release */,
			);
			defaultConfigurationIsVisible = 0;
			defaultConfigurationName = Release;
		};
		B828FCF7272179170015F0BF /* Build configuration list for PBXNativeTarget "Mavible" */ = {
			isa = XCConfigurationList;
			buildConfigurations = (
				B828FCF8272179170015F0BF /* Debug */,
				B828FCF9272179170015F0BF /* Release */,
			);
			defaultConfigurationIsVisible = 0;
			defaultConfigurationName = Release;
		};
/* End XCConfigurationList section */

/* Begin XCRemoteSwiftPackageReference section */
		7CB6137D273292F20039C14D /* XCRemoteSwiftPackageReference "Camera-SwiftUI" */ = {
			isa = XCRemoteSwiftPackageReference;
			repositoryURL = "https://github.com/rorodriguez116/Camera-SwiftUI.git";
			requirement = {
				kind = upToNextMajorVersion;
				minimumVersion = 0.0.5;
			};
		};
/* End XCRemoteSwiftPackageReference section */

/* Begin XCSwiftPackageProductDependency section */
		7CB6137E273292F20039C14D /* Camera-SwiftUI */ = {
			isa = XCSwiftPackageProductDependency;
			package = 7CB6137D273292F20039C14D /* XCRemoteSwiftPackageReference "Camera-SwiftUI" */;
			productName = "Camera-SwiftUI";
		};
/* End XCSwiftPackageProductDependency section */
	};
	rootObject = B828FCE1272179150015F0BF /* Project object */;
}
